github.com/platenio/platen/modules/platen v0.0.0-20230729184903-3451ed7a46af h1:lJl3fQ9BgxG0G0KqW8dcg0u9oDwt4NUfi2PTYYuHS1w=
github.com/platenio/platen/modules/platen v0.0.0-20230729184903-3451ed7a46af/go.mod h1:7pfizXCKb4vonp6Og/3zkoy09YYsHip9/hXiT/pc3IM=
github.com/platenio/platen/modules/platen v0.0.0-20231124141037-5a875309774c h1:ftQLeFf3erlZrGq/3RGkwglSBT/sq9Xz8tYfi14LQdM=
github.com/platenio/platen/modules/platen v0.0.0-20231124141037-5a875309774c/go.mod h1:7pfizXCKb4vonp6Og/3zkoy09YYsHip9/hXiT/pc3IM=
